
Microsoft Visual Studio Solution File, Format Version 12.00
# Visual Studio Version 17
VisualStudioVersion = 17.2.32630.192
MinimumVisualStudioVersion = 10.0.40219.1
Project("{9A19103F-16F7-4668-BE54-9A1E7A4F7556}") = "Workers", "Pracownicy\Workers.csproj", "{12A2ABD7-3270-4E42-8BC4-B88BA75C3DC6}"
EndProject
Project("{FAE04EC0-301F-11D3-BF4B-00C04F79EFBC}") = "WorkersTest", "PracownicyTest\WorkersTest.csproj", "{405BA212-45FD-45D4-8E8E-148A6B5E4480}"
	ProjectSection(ProjectDependencies) = postProject
		{12A2ABD7-3270-4E42-8BC4-B88BA75C3DC6} = {12A2ABD7-3270-4E42-8BC4-B88BA75C3DC6}
	EndProjectSection
EndProject
Global
	GlobalSection(SolutionConfigurationPlatforms) = preSolution
		Debug|Any CPU = Debug|Any CPU
		Release|Any CPU = Release|Any CPU
	EndGlobalSection
	GlobalSection(ProjectConfigurationPlatforms) = postSolution
		{12A2ABD7-3270-4E42-8BC4-B88BA75C3DC6}.Debug|Any CPU.ActiveCfg = Debug|Any CPU
		{12A2ABD7-3270-4E42-8BC4-B88BA75C3DC6}.Debug|Any CPU.Build.0 = Debug|Any CPU
		{12A2ABD7-3270-4E42-8BC4-B88BA75C3DC6}.Release|Any CPU.ActiveCfg = Release|Any CPU
		{12A2ABD7-3270-4E42-8BC4-B88BA75C3DC6}.Release|Any CPU.Build.0 = Release|Any CPU
		{405BA212-45FD-45D4-8E8E-148A6B5E4480}.Debug|Any CPU.ActiveCfg = Debug|Any CPU
		{405BA212-45FD-45D4-8E8E-148A6B5E4480}.Debug|Any CPU.Build.0 = Debug|Any CPU
		{405BA212-45FD-45D4-8E8E-148A6B5E4480}.Release|Any CPU.ActiveCfg = Release|Any CPU
		{405BA212-45FD-45D4-8E8E-148A6B5E4480}.Release|Any CPU.Build.0 = Release|Any CPU
	EndGlobalSection
	GlobalSection(SolutionProperties) = preSolution
		HideSolutionNode = FALSE
	EndGlobalSection
	GlobalSection(ExtensibilityGlobals) = postSolution
		SolutionGuid = {0436353A-E38B-4525-8F9C-11818B9A360C}
	EndGlobalSection
EndGlobal
